{
  "name": "voedselbos-hardenkamp",
  "version": "0.1.0",
  "lockfileVersion": 3,
  "requires": true,
  "packages": {
    "": {
      "name": "voedselbos-hardenkamp",
      "version": "0.1.0",
      "dependencies": {
        "leaflet": "^1.9.4",
        "next": "^15.1.4",
        "react": "^19.0.0",
        "react-dom": "^19.0.0",
        "react-leaflet": "^4.2.1"
      }
    }
  }
}
